// !$*UTF8*$!
{
	archiveVersion = 1;
	classes = {
	};
	objectVersion = 50;
	objects = {

/* Begin PBXBuildFile section */
		1833597A2475E5E900AFAEDB /* AppDelegate.swift in Sources */ = {isa = PBXBuildFile; fileRef = 183359792475E5E900AFAEDB /* AppDelegate.swift */; };
		1833597C2475E5E900AFAEDB /* ViewController.swift in Sources */ = {isa = PBXBuildFile; fileRef = 1833597B2475E5E900AFAEDB /* ViewController.swift */; };
		1833597F2475E5E900AFAEDB /* Main.storyboard in Resources */ = {isa = PBXBuildFile; fileRef = 1833597D2475E5E900AFAEDB /* Main.storyboard */; };
		183359822475E5E900AFAEDB /* DataPersistant.xcdatamodeld in Sources */ = {isa = PBXBuildFile; fileRef = 183359802475E5E900AFAEDB /* DataPersistant.xcdatamodeld */; };
		183359842475E5EC00AFAEDB /* Assets.xcassets in Resources */ = {isa = PBXBuildFile; fileRef = 183359832475E5EC00AFAEDB /* Assets.xcassets */; };
		183359872475E5EC00AFAEDB /* LaunchScreen.storyboard in Resources */ = {isa = PBXBuildFile; fileRef = 183359852475E5EC00AFAEDB /* LaunchScreen.storyboard */; };
/* End PBXBuildFile section */

/* Begin PBXFileReference section */
		183359762475E5E900AFAEDB /* DataPersistant.app */ = {isa = PBXFileReference; explicitFileType = wrapper.application; includeInIndex = 0; path = DataPersistant.app; sourceTree = BUILT_PRODUCTS_DIR; };
		183359792475E5E900AFAEDB /* AppDelegate.swift */ = {isa = PBXFileReference; lastKnownFileType = sourcecode.swift; path = AppDelegate.swift; sourceTree = "<group>"; };
		1833597B2475E5E900AFAEDB /* ViewController.swift */ = {isa = PBXFileReference; lastKnownFileType = sourcecode.swift; path = ViewController.swift; sourceTree = "<group>"; };
		1833597E2475E5E900AFAEDB /* Base */ = {isa = PBXFileReference; lastKnownFileType = file.storyboard; name = Base; path = Base.lproj/Main.storyboard; sourceTree = "<group>"; };
		183359812475E5E900AFAEDB /* DataPersistant.xcdatamodel */ = {isa = PBXFileReference; lastKnownFileType = wrapper.xcdatamodel; path = DataPersistant.xcdatamodel; sourceTree = "<group>"; };
		183359832475E5EC00AFAEDB /* Assets.xcassets */ = {isa = PBXFileReference; lastKnownFileType = folder.assetcatalog; path = Assets.xcassets; sourceTree = "<group>"; };
		183359862475E5EC00AFAEDB /* Base */ = {isa = PBXFileReference; lastKnownFileType = file.storyboard; name = Base; path = Base.lproj/LaunchScreen.storyboard; sourceTree = "<group>"; };
		183359882475E5EC00AFAEDB /* Info.plist */ = {isa = PBXFileReference; lastKnownFileType = text.plist.xml; path = Info.plist; sourceTree = "<group>"; };
/* End PBXFileReference section */

/* Begin PBXFrameworksBuildPhase section */
		183359732475E5E900AFAEDB /* Frameworks */ = {
			isa = PBXFrameworksBuildPhase;
			buildActionMask = 2147483647;
			files = (
			);
			runOnlyForDeploymentPostprocessing = 0;
		};
/* End PBXFrameworksBuildPhase section */

/* Begin PBXGroup section */
		1833596D2475E5E900AFAEDB = {
			isa = PBXGroup;
			children = (
				183359782475E5E900AFAEDB /* DataPersistant */,
				183359772475E5E900AFAEDB /* Products */,
			);
			sourceTree = "<group>";
		};
		183359772475E5E900AFAEDB /* Products */ = {
			isa = PBXGroup;
			children = (
				183359762475E5E900AFAEDB /* DataPersistant.app */,
			);
			name = Products;
			sourceTree = "<group>";
		};
		183359782475E5E900AFAEDB /* DataPersistant */ = {
			isa = PBXGroup;
			children = (
				183359792475E5E900AFAEDB /* AppDelegate.swift */,
				1833597B2475E5E900AFAEDB /* ViewController.swift */,
				1833597D2475E5E900AFAEDB /* Main.storyboard */,
				183359832475E5EC00AFAEDB /* Assets.xcassets */,
				183359852475E5EC00AFAEDB /* LaunchScreen.storyboard */,
				183359882475E5EC00AFAEDB /* Info.plist */,
				183359802475E5E900AFAEDB /* DataPersistant.xcdatamodeld */,
			);
			path = DataPersistant;
			sourceTree = "<group>";
		};
/* End PBXGroup section */

/* Begin PBXNativeTarget section */
		183359752475E5E900AFAEDB /* DataPersistant */ = {
			isa = PBXNativeTarget;
			buildConfigurationList = 1833598B2475E5EC00AFAEDB /* Build configuration list for PBXNativeTarget "DataPersistant" */;
			buildPhases = (
				183359722475E5E900AFAEDB /* Sources */,
				183359732475E5E900AFAEDB /* Frameworks */,
				183359742475E5E900AFAEDB /* Resources */,
			);
			buildRules = (
			);
			dependencies = (
			);
			name = DataPersistant;
			productName = DataPersistant;
			productReference = 183359762475E5E900AFAEDB /* DataPersistant.app */;
			productType = "com.apple.product-type.application";
		};
/* End PBXNativeTarget section */

/* Begin PBXProject section */
		1833596E2475E5E900AFAEDB /* Project object */ = {
			isa = PBXProject;
			attributes = {
				LastSwiftUpdateCheck = 1020;
				LastUpgradeCheck = 1020;
				ORGANIZATIONNAME = apple;
				TargetAttributes = {
					183359752475E5E900AFAEDB = {
						CreatedOnToolsVersion = 10.2;
					};
				};
			};
			buildConfigurationList = 183359712475E5E900AFAEDB /* Build configuration list for PBXProject "DataPersistant" */;
			compatibilityVersion = "Xcode 9.3";
			developmentRegion = en;
			hasScannedForEncodings = 0;
			knownRegions = (
				en,
				Base,
			);
			mainGroup = 1833596D2475E5E900AFAEDB;
			productRefGroup = 183359772475E5E900AFAEDB /* Products */;
			projectDirPath = "";
			projectRoot = "";
			targets = (
				183359752475E5E900AFAEDB /* DataPersistant */,
			);
		};
/* End PBXProject section */

/* Begin PBXResourcesBuildPhase section */
		183359742475E5E900AFAEDB /* Resources */ = {
			isa = PBXResourcesBuildPhase;
			buildActionMask = 2147483647;
			files = (
				183359872475E5EC00AFAEDB /* LaunchScreen.storyboard in Resources */,
				183359842475E5EC00AFAEDB /* Assets.xcassets in Resources */,
				1833597F2475E5E900AFAEDB /* Main.storyboard in Resources */,
			);
			runOnlyForDeploymentPostprocessing = 0;
		};
/* End PBXResourcesBuildPhase section */

/* Begin PBXSourcesBuildPhase section */
		183359722475E5E900AFAEDB /* Sources */ = {
			isa = PBXSourcesBuildPhase;
			buildActionMask = 2147483647;
			files = (
				183359822475E5E900AFAEDB /* DataPersistant.xcdatamodeld in Sources */,
				1833597C2475E5E900AFAEDB /* ViewController.swift in Sources */,
				1833597A2475E5E900AFAEDB /* AppDelegate.swift in Sources */,
			);
			runOnlyForDeploymentPostprocessing = 0;
		};
/* End PBXSourcesBuildPhase section */

/* Begin PBXVariantGroup section */
		1833597D2475E5E900AFAEDB /* Main.storyboard */ = {
			isa = PBXVariantGroup;
			children = (
				1833597E2475E5E900AFAEDB /* Base */,
			);
			name = Main.storyboard;
			sourceTree = "<group>";
		};
		183359852475E5EC00AFAEDB /* LaunchScreen.storyboard */ = {
			isa = PBXVariantGroup;
			children = (
				183359862475E5EC00AFAEDB /* Base */,
			);
			name = LaunchScreen.storyboard;
			sourceTree = "<group>";
		};
/* End PBXVariantGroup section */

/* Begin XCBuildConfiguration section */
		183359892475E5EC00AFAEDB /* Debug */ = {
			isa = XCBuildConfiguration;
			buildSettings = {
				ALWAYS_SEARCH_USER_PATHS = NO;
				CLANG_ANALYZER_NONNULL = YES;
				CLANG_ANALYZER_NUMBER_OBJECT_CONVERSION = YES_AGGRESSIVE;
				CLANG_CXX_LANGUAGE_STANDARD = "gnu++14";
				CLANG_CXX_LIBRARY = "libc++";
				CLANG_ENABLE_MODULES = YES;
				CLANG_ENABLE_OBJC_ARC = YES;
				CLANG_ENABLE_OBJC_WEAK = YES;
				CLANG_WARN_BLOCK_CAPTURE_AUTORELEASING = YES;
				CLANG_WARN_BOOL_CONVERSION = YES;
				CLANG_WARN_COMMA = YES;
				CLANG_WARN_CONSTANT_CONVERSION = YES;
				CLANG_WARN_DEPRECATED_OBJC_IMPLEMENTATIONS = YES;
				CLANG_WARN_DIRECT_OBJC_ISA_USAGE = YES_ERROR;
				CLANG_WARN_DOCUMENTATION_COMMENTS = YES;
				CLANG_WARN_EMPTY_BODY = YES;
				CLANG_WARN_ENUM_CONVERSION = YES;
				CLANG_WARN_INFINITE_RECURSION = YES;
				CLANG_WARN_INT_CONVERSION = YES;
				CLANG_WARN_NON_LITERAL_NULL_CONVERSION = YES;
				CLANG_WARN_OBJC_IMPLICIT_RETAIN_SELF = YES;
				CLANG_WARN_OBJC_LITERAL_CONVERSION = YES;
				CLANG_WARN_OBJC_ROOT_CLASS = YES_ERROR;
				CLANG_WARN_RANGE_LOOP_ANALYSIS = YES;
				CLANG_WARN_STRICT_PROTOTYPES = YES;
				CLANG_WARN_SUSPICIOUS_MOVE = YES;
				CLANG_WARN_UNGUARDED_AVAILABILITY = YES_AGGRESSIVE;
				CLANG_WARN_UNREACHABLE_CODE = YES;
				CLANG_WARN__DUPLICATE_METHOD_MATCH = YES;
				CODE_SIGN_IDENTITY = "iPhone Developer";
				COPY_PHASE_STRIP = NO;
				DEBUG_INFORMATION_FORMAT = dwarf;
				ENABLE_STRICT_OBJC_MSGSEND = YES;
				ENABLE_TESTABILITY = YES;
				GCC_C_LANGUAGE_STANDARD = gnu11;
				GCC_DYNAMIC_NO_PIC = NO;
				GCC_NO_COMMON_BLOCKS = YES;
				GCC_OPTIMIZATION_LEVEL = 0;
				GCC_PREPROCESSOR_DEFINITIONS = (
					"DEBUG=1",
					"$(inherited)",
				);
				GCC_WARN_64_TO_32_BIT_CONVERSION = YES;
				GCC_WARN_ABOUT_RETURN_TYPE = YES_ERROR;
				GCC_WARN_UNDECLARED_SELECTOR = YES;
				GCC_WARN_UNINITIALIZED_AUTOS = YES_AGGRESSIVE;
				GCC_WARN_UNUSED_FUNCTION = YES;
				GCC_WARN_UNUSED_VARIABLE = YES;
				IPHONEOS_DEPLOYMENT_TARGET = 12.2;
				MTL_ENABLE_DEBUG_INFO = INCLUDE_SOURCE;
				MTL_FAST_MATH = YES;
				ONLY_ACTIVE_ARCH = YES;
				SDKROOT = iphoneos;
				SWIFT_ACTIVE_COMPILATION_CONDITIONS = DEBUG;
				SWIFT_OPTIMIZATION_LEVEL = "-Onone";
			};
			name = Debug;
		};
		1833598A2475E5EC00AFAEDB /* Release */ = {
			isa = XCBuildConfiguration;
			buildSettings = {
				ALWAYS_SEARCH_USER_PATHS = NO;
				CLANG_ANALYZER_NONNULL = YES;
				CLANG_ANALYZER_NUMBER_OBJECT_CONVERSION = YES_AGGRESSIVE;
				CLANG_CXX_LANGUAGE_STANDARD = "gnu++14";
				CLANG_CXX_LIBRARY = "libc++";
				CLANG_ENABLE_MODULES = YES;
				CLANG_ENABLE_OBJC_ARC = YES;
				CLANG_ENABLE_OBJC_WEAK = YES;
				CLANG_WARN_BLOCK_CAPTURE_AUTORELEASING = YES;
				CLANG_WARN_BOOL_CONVERSION = YES;
				CLANG_WARN_COMMA = YES;
				CLANG_WARN_CONSTANT_CONVERSION = YES;
				CLANG_WARN_DEPRECATED_OBJC_IMPLEMENTATIONS = YES;
				CLANG_WARN_DIRECT_OBJC_ISA_USAGE = YES_ERROR;
				CLANG_WARN_DOCUMENTATION_COMMENTS = YES;
				CLANG_WARN_EMPTY_BODY = YES;
				CLANG_WARN_ENUM_CONVERSION = YES;
				CLANG_WARN_INFINITE_RECURSION = YES;
				CLANG_WARN_INT_CONVERSION = YES;
				CLANG_WARN_NON_LITERAL_NULL_CONVERSION = YES;
				CLANG_WARN_OBJC_IMPLICIT_RETAIN_SELF = YES;
				CLANG_WARN_OBJC_LITERAL_CONVERSION = YES;
				CLANG_WARN_OBJC_ROOT_CLASS = YES_ERROR;
				CLANG_WARN_RANGE_LOOP_ANALYSIS = YES;
				CLANG_WARN_STRICT_PROTOTYPES = YES;
				CLANG_WARN_SUSPICIOUS_MOVE = YES;
				CLANG_WARN_UNGUARDED_AVAILABILITY = YES_AGGRESSIVE;
				CLANG_WARN_UNREACHABLE_CODE = YES;
				CLANG_WARN__DUPLICATE_METHOD_MATCH = YES;
				CODE_SIGN_IDENTITY = "iPhone Developer";
				COPY_PHASE_STRIP = NO;
				DEBUG_INFORMATION_FORMAT = "dwarf-with-dsym";
				ENABLE_NS_ASSERTIONS = NO;
				ENABLE_STRICT_OBJC_MSGSEND = YES;
				GCC_C_LANGUAGE_STANDARD = gnu11;
				GCC_NO_COMMON_BLOCKS = YES;
				GCC_WARN_64_TO_32_BIT_CONVERSION = YES;
				GCC_WARN_ABOUT_RETURN_TYPE = YES_ERROR;
				GCC_WARN_UNDECLARED_SELECTOR = YES;
				GCC_WARN_UNINITIALIZED_AUTOS = YES_AGGRESSIVE;
				GCC_WARN_UNUSED_FUNCTION = YES;
				GCC_WARN_UNUSED_VARIABLE = YES;
				IPHONEOS_DEPLOYMENT_TARGET = 12.2;
				MTL_ENABLE_DEBUG_INFO = NO;
				MTL_FAST_MATH = YES;
				SDKROOT = iphoneos;
				SWIFT_COMPILATION_MODE = wholemodule;
				SWIFT_OPTIMIZATION_LEVEL = "-O";
				VALIDATE_PRODUCT = YES;
			};
			name = Release;
		};
		1833598C2475E5EC00AFAEDB /* Debug */ = {
			isa = XCBuildConfiguration;
			buildSettings = {
				ASSETCATALOG_COMPILER_APPICON_NAME = AppIcon;
				CODE_SIGN_STYLE = Automatic;
				INFOPLIST_FILE = DataPersistant/Info.plist;
				LD_RUNPATH_SEARCH_PATHS = (
					"$(inherited)",
					"@executable_path/Frameworks",
				);
				PRODUCT_BUNDLE_IDENTIFIER = com.apple.DataPersistant;
				PRODUCT_NAME = "$(TARGET_NAME)";
				SWIFT_VERSION = 5.0;
				TARGETED_DEVICE_FAMILY = "1,2";
			};
			name = Debug;
		};
		1833598D2475E5EC00AFAEDB /* Release */ = {
			isa = XCBuildConfiguration;
			buildSettings = {
				ASSETCATALOG_COMPILER_APPICON_NAME = AppIcon;
				CODE_SIGN_STYLE = Automatic;
				INFOPLIST_FILE = DataPersistant/Info.plist;
				LD_RUNPATH_SEARCH_PATHS = (
					"$(inherited)",
					"@executable_path/Frameworks",
				);
				PRODUCT_BUNDLE_IDENTIFIER = com.apple.DataPersistant;
				PRODUCT_NAME = "$(TARGET_NAME)";
				SWIFT_VERSION = 5.0;
				TARGETED_DEVICE_FAMILY = "1,2";
			};
			name = Release;
		};
/* End XCBuildConfiguration section */

/* Begin XCConfigurationList section */
		183359712475E5E900AFAEDB /* Build configuration list for PBXProject "DataPersistant" */ = {
			isa = XCConfigurationList;
			buildConfigurations = (
				183359892475E5EC00AFAEDB /* Debug */,
				1833598A2475E5EC00AFAEDB /* Release */,
			);
			defaultConfigurationIsVisible = 0;
			defaultConfigurationName = Release;
		};
		1833598B2475E5EC00AFAEDB /* Build configuration list for PBXNativeTarget "DataPersistant" */ = {
			isa = XCConfigurationList;
			buildConfigurations = (
				1833598C2475E5EC00AFAEDB /* Debug */,
				1833598D2475E5EC00AFAEDB /* Release */,
			);
			defaultConfigurationIsVisible = 0;
			defaultConfigurationName = Release;
		};
/* End XCConfigurationList section */

/* Begin XCVersionGroup section */
		183359802475E5E900AFAEDB /* DataPersistant.xcdatamodeld */ = {
			isa = XCVersionGroup;
			children = (
				183359812475E5E900AFAEDB /* DataPersistant.xcdatamodel */,
			);
			currentVersion = 183359812475E5E900AFAEDB /* DataPersistant.xcdatamodel */;
			path = DataPersistant.xcdatamodeld;
			sourceTree = "<group>";
			versionGroupType = wrapper.xcdatamodel;
		};
/* End XCVersionGroup section */
	};
	rootObject = 1833596E2475E5E900AFAEDB /* Project object */;
}
